// !$*UTF8*$!
{
	archiveVersion = 1;
	classes = {
	};
	objectVersion = 50;
	objects = {

/* Begin PBXBuildFile section */
		EE6534BA254DB0F600F1698A /* Triangle.swift in Sources */ = {isa = PBXBuildFile; fileRef = EE6534B9254DB0F600F1698A /* Triangle.swift */; };
		EE6534C2254E552400F1698A /* HealthCardView.swift in Sources */ = {isa = PBXBuildFile; fileRef = EE6534C1254E552400F1698A /* HealthCardView.swift */; };
		EE6534CA254E561E00F1698A /* ColorDefine.swift in Sources */ = {isa = PBXBuildFile; fileRef = EE6534C9254E561E00F1698A /* ColorDefine.swift */; };
		EE6534CF254E592300F1698A /* CircleArrow.swift in Sources */ = {isa = PBXBuildFile; fileRef = EE6534CE254E592300F1698A /* CircleArrow.swift */; };
		EE6534D4254E5B6D00F1698A /* SyncButton.swift in Sources */ = {isa = PBXBuildFile; fileRef = EE6534D3254E5B6D00F1698A /* SyncButton.swift */; };
		EECB1DC9254D26F600B047E2 /* AppDelegate.swift in Sources */ = {isa = PBXBuildFile; fileRef = EECB1DC8254D26F600B047E2 /* AppDelegate.swift */; };
		EECB1DCB254D26F600B047E2 /* SceneDelegate.swift in Sources */ = {isa = PBXBuildFile; fileRef = EECB1DCA254D26F600B047E2 /* SceneDelegate.swift */; };
		EECB1DCD254D26F600B047E2 /* DashboardView.swift in Sources */ = {isa = PBXBuildFile; fileRef = EECB1DCC254D26F600B047E2 /* DashboardView.swift */; };
		EECB1DCF254D26F900B047E2 /* Assets.xcassets in Resources */ = {isa = PBXBuildFile; fileRef = EECB1DCE254D26F900B047E2 /* Assets.xcassets */; };
		EECB1DD2254D26F900B047E2 /* Preview Assets.xcassets in Resources */ = {isa = PBXBuildFile; fileRef = EECB1DD1254D26F900B047E2 /* Preview Assets.xcassets */; };
		EECB1DD5254D26F900B047E2 /* LaunchScreen.storyboard in Resources */ = {isa = PBXBuildFile; fileRef = EECB1DD3254D26F900B047E2 /* LaunchScreen.storyboard */; };
		EECB1DE0254D26F900B047E2 /* HealthAppTests.swift in Sources */ = {isa = PBXBuildFile; fileRef = EECB1DDF254D26F900B047E2 /* HealthAppTests.swift */; };
		EECB1DEB254D26F900B047E2 /* HealthAppUITests.swift in Sources */ = {isa = PBXBuildFile; fileRef = EECB1DEA254D26F900B047E2 /* HealthAppUITests.swift */; };
/* End PBXBuildFile section */

/* Begin PBXContainerItemProxy section */
		EECB1DDC254D26F900B047E2 /* PBXContainerItemProxy */ = {
			isa = PBXContainerItemProxy;
			containerPortal = EECB1DBD254D26F600B047E2 /* Project object */;
			proxyType = 1;
			remoteGlobalIDString = EECB1DC4254D26F600B047E2;
			remoteInfo = HealthApp;
		};
		EECB1DE7254D26F900B047E2 /* PBXContainerItemProxy */ = {
			isa = PBXContainerItemProxy;
			containerPortal = EECB1DBD254D26F600B047E2 /* Project object */;
			proxyType = 1;
			remoteGlobalIDString = EECB1DC4254D26F600B047E2;
			remoteInfo = HealthApp;
		};
/* End PBXContainerItemProxy section */

/* Begin PBXFileReference section */
		EE6534B9254DB0F600F1698A /* Triangle.swift */ = {isa = PBXFileReference; lastKnownFileType = sourcecode.swift; path = Triangle.swift; sourceTree = "<group>"; };
		EE6534C1254E552400F1698A /* HealthCardView.swift */ = {isa = PBXFileReference; lastKnownFileType = sourcecode.swift; path = HealthCardView.swift; sourceTree = "<group>"; };
		EE6534C9254E561E00F1698A /* ColorDefine.swift */ = {isa = PBXFileReference; lastKnownFileType = sourcecode.swift; path = ColorDefine.swift; sourceTree = "<group>"; };
		EE6534CE254E592300F1698A /* CircleArrow.swift */ = {isa = PBXFileReference; lastKnownFileType = sourcecode.swift; path = CircleArrow.swift; sourceTree = "<group>"; };
		EE6534D3254E5B6D00F1698A /* SyncButton.swift */ = {isa = PBXFileReference; lastKnownFileType = sourcecode.swift; path = SyncButton.swift; sourceTree = "<group>"; };
		EECB1DC5254D26F600B047E2 /* HealthApp.app */ = {isa = PBXFileReference; explicitFileType = wrapper.application; includeInIndex = 0; path = HealthApp.app; sourceTree = BUILT_PRODUCTS_DIR; };
		EECB1DC8254D26F600B047E2 /* AppDelegate.swift */ = {isa = PBXFileReference; lastKnownFileType = sourcecode.swift; path = AppDelegate.swift; sourceTree = "<group>"; };
		EECB1DCA254D26F600B047E2 /* SceneDelegate.swift */ = {isa = PBXFileReference; lastKnownFileType = sourcecode.swift; path = SceneDelegate.swift; sourceTree = "<group>"; };
		EECB1DCC254D26F600B047E2 /* DashboardView.swift */ = {isa = PBXFileReference; lastKnownFileType = sourcecode.swift; path = DashboardView.swift; sourceTree = "<group>"; };
		EECB1DCE254D26F900B047E2 /* Assets.xcassets */ = {isa = PBXFileReference; lastKnownFileType = folder.assetcatalog; path = Assets.xcassets; sourceTree = "<group>"; };
		EECB1DD1254D26F900B047E2 /* Preview Assets.xcassets */ = {isa = PBXFileReference; lastKnownFileType = folder.assetcatalog; path = "Preview Assets.xcassets"; sourceTree = "<group>"; };
		EECB1DD4254D26F900B047E2 /* Base */ = {isa = PBXFileReference; lastKnownFileType = file.storyboard; name = Base; path = Base.lproj/LaunchScreen.storyboard; sourceTree = "<group>"; };
		EECB1DD6254D26F900B047E2 /* Info.plist */ = {isa = PBXFileReference; lastKnownFileType = text.plist.xml; path = Info.plist; sourceTree = "<group>"; };
		EECB1DDB254D26F900B047E2 /* HealthAppTests.xctest */ = {isa = PBXFileReference; explicitFileType = wrapper.cfbundle; includeInIndex = 0; path = HealthAppTests.xctest; sourceTree = BUILT_PRODUCTS_DIR; };
		EECB1DDF254D26F900B047E2 /* HealthAppTests.swift */ = {isa = PBXFileReference; lastKnownFileType = sourcecode.swift; path = HealthAppTests.swift; sourceTree = "<group>"; };
		EECB1DE1254D26F900B047E2 /* Info.plist */ = {isa = PBXFileReference; lastKnownFileType = text.plist.xml; path = Info.plist; sourceTree = "<group>"; };
		EECB1DE6254D26F900B047E2 /* HealthAppUITests.xctest */ = {isa = PBXFileReference; explicitFileType = wrapper.cfbundle; includeInIndex = 0; path = HealthAppUITests.xctest; sourceTree = BUILT_PRODUCTS_DIR; };
		EECB1DEA254D26F900B047E2 /* HealthAppUITests.swift */ = {isa = PBXFileReference; lastKnownFileType = sourcecode.swift; path = HealthAppUITests.swift; sourceTree = "<group>"; };
		EECB1DEC254D26F900B047E2 /* Info.plist */ = {isa = PBXFileReference; lastKnownFileType = text.plist.xml; path = Info.plist; sourceTree = "<group>"; };
/* End PBXFileReference section */

/* Begin PBXFrameworksBuildPhase section */
		EECB1DC2254D26F600B047E2 /* Frameworks */ = {
			isa = PBXFrameworksBuildPhase;
			buildActionMask = 2147483647;
			files = (
			);
			runOnlyForDeploymentPostprocessing = 0;
		};
		EECB1DD8254D26F900B047E2 /* Frameworks */ = {
			isa = PBXFrameworksBuildPhase;
			buildActionMask = 2147483647;
			files = (
			);
			runOnlyForDeploymentPostprocessing = 0;
		};
		EECB1DE3254D26F900B047E2 /* Frameworks */ = {
			isa = PBXFrameworksBuildPhase;
			buildActionMask = 2147483647;
			files = (
			);
			runOnlyForDeploymentPostprocessing = 0;
		};
/* End PBXFrameworksBuildPhase section */

/* Begin PBXGroup section */
		EE6534A9254DB04200F1698A /* UIComponent */ = {
			isa = PBXGroup;
			children = (
				EE6534B5254DB0D200F1698A /* UIPart */,
				EE6534C1254E552400F1698A /* HealthCardView.swift */,
				EE6534C9254E561E00F1698A /* ColorDefine.swift */,
			);
			path = UIComponent;
			sourceTree = "<group>";
		};
		EE6534B5254DB0D200F1698A /* UIPart */ = {
			isa = PBXGroup;
			children = (
				EE6534B9254DB0F600F1698A /* Triangle.swift */,
				EE6534CE254E592300F1698A /* CircleArrow.swift */,
				EE6534D3254E5B6D00F1698A /* SyncButton.swift */,
			);
			path = UIPart;
			sourceTree = "<group>";
		};
		EECB1DBC254D26F600B047E2 = {
			isa = PBXGroup;
			children = (
				EECB1DC7254D26F600B047E2 /* HealthApp */,
				EECB1DDE254D26F900B047E2 /* HealthAppTests */,
				EECB1DE9254D26F900B047E2 /* HealthAppUITests */,
				EECB1DC6254D26F600B047E2 /* Products */,
			);
			sourceTree = "<group>";
		};
		EECB1DC6254D26F600B047E2 /* Products */ = {
			isa = PBXGroup;
			children = (
				EECB1DC5254D26F600B047E2 /* HealthApp.app */,
				EECB1DDB254D26F900B047E2 /* HealthAppTests.xctest */,
				EECB1DE6254D26F900B047E2 /* HealthAppUITests.xctest */,
			);
			name = Products;
			sourceTree = "<group>";
		};
		EECB1DC7254D26F600B047E2 /* HealthApp */ = {
			isa = PBXGroup;
			children = (
				EE6534A9254DB04200F1698A /* UIComponent */,
				EECB1DC8254D26F600B047E2 /* AppDelegate.swift */,
				EECB1DCA254D26F600B047E2 /* SceneDelegate.swift */,
				EECB1DCC254D26F600B047E2 /* DashboardView.swift */,
				EECB1DCE254D26F900B047E2 /* Assets.xcassets */,
				EECB1DD3254D26F900B047E2 /* LaunchScreen.storyboard */,
				EECB1DD6254D26F900B047E2 /* Info.plist */,
				EECB1DD0254D26F900B047E2 /* Preview Content */,
			);
			path = HealthApp;
			sourceTree = "<group>";
		};
		EECB1DD0254D26F900B047E2 /* Preview Content */ = {
			isa = PBXGroup;
			children = (
				EECB1DD1254D26F900B047E2 /* Preview Assets.xcassets */,
			);
			path = "Preview Content";
			sourceTree = "<group>";
		};
		EECB1DDE254D26F900B047E2 /* HealthAppTests */ = {
			isa = PBXGroup;
			children = (
				EECB1DDF254D26F900B047E2 /* HealthAppTests.swift */,
				EECB1DE1254D26F900B047E2 /* Info.plist */,
			);
			path = HealthAppTests;
			sourceTree = "<group>";
		};
		EECB1DE9254D26F900B047E2 /* HealthAppUITests */ = {
			isa = PBXGroup;
			children = (
				EECB1DEA254D26F900B047E2 /* HealthAppUITests.swift */,
				EECB1DEC254D26F900B047E2 /* Info.plist */,
			);
			path = HealthAppUITests;
			sourceTree = "<group>";
		};
/* End PBXGroup section */

/* Begin PBXNativeTarget section */
		EECB1DC4254D26F600B047E2 /* HealthApp */ = {
			isa = PBXNativeTarget;
			buildConfigurationList = EECB1DEF254D26F900B047E2 /* Build configuration list for PBXNativeTarget "HealthApp" */;
			buildPhases = (
				EECB1DC1254D26F600B047E2 /* Sources */,
				EECB1DC2254D26F600B047E2 /* Frameworks */,
				EECB1DC3254D26F600B047E2 /* Resources */,
			);
			buildRules = (
			);
			dependencies = (
			);
			name = HealthApp;
			productName = HealthApp;
			productReference = EECB1DC5254D26F600B047E2 /* HealthApp.app */;
			productType = "com.apple.product-type.application";
		};
		EECB1DDA254D26F900B047E2 /* HealthAppTests */ = {
			isa = PBXNativeTarget;
			buildConfigurationList = EECB1DF2254D26F900B047E2 /* Build configuration list for PBXNativeTarget "HealthAppTests" */;
			buildPhases = (
				EECB1DD7254D26F900B047E2 /* Sources */,
				EECB1DD8254D26F900B047E2 /* Frameworks */,
				EECB1DD9254D26F900B047E2 /* Resources */,
			);
			buildRules = (
			);
			dependencies = (
				EECB1DDD254D26F900B047E2 /* PBXTargetDependency */,
			);
			name = HealthAppTests;
			productName = HealthAppTests;
			productReference = EECB1DDB254D26F900B047E2 /* HealthAppTests.xctest */;
			productType = "com.apple.product-type.bundle.unit-test";
		};
		EECB1DE5254D26F900B047E2 /* HealthAppUITests */ = {
			isa = PBXNativeTarget;
			buildConfigurationList = EECB1DF5254D26F900B047E2 /* Build configuration list for PBXNativeTarget "HealthAppUITests" */;
			buildPhases = (
				EECB1DE2254D26F900B047E2 /* Sources */,
				EECB1DE3254D26F900B047E2 /* Frameworks */,
				EECB1DE4254D26F900B047E2 /* Resources */,
			);
			buildRules = (
			);
			dependencies = (
				EECB1DE8254D26F900B047E2 /* PBXTargetDependency */,
			);
			name = HealthAppUITests;
			productName = HealthAppUITests;
			productReference = EECB1DE6254D26F900B047E2 /* HealthAppUITests.xctest */;
			productType = "com.apple.product-type.bundle.ui-testing";
		};
/* End PBXNativeTarget section */

/* Begin PBXProject section */
		EECB1DBD254D26F600B047E2 /* Project object */ = {
			isa = PBXProject;
			attributes = {
				LastSwiftUpdateCheck = 1210;
				LastUpgradeCheck = 1210;
				TargetAttributes = {
					EECB1DC4254D26F600B047E2 = {
						CreatedOnToolsVersion = 12.1;
					};
					EECB1DDA254D26F900B047E2 = {
						CreatedOnToolsVersion = 12.1;
						TestTargetID = EECB1DC4254D26F600B047E2;
					};
					EECB1DE5254D26F900B047E2 = {
						CreatedOnToolsVersion = 12.1;
						TestTargetID = EECB1DC4254D26F600B047E2;
					};
				};
			};
			buildConfigurationList = EECB1DC0254D26F600B047E2 /* Build configuration list for PBXProject "HealthApp" */;
			compatibilityVersion = "Xcode 9.3";
			developmentRegion = en;
			hasScannedForEncodings = 0;
			knownRegions = (
				en,
				Base,
			);
			mainGroup = EECB1DBC254D26F600B047E2;
			productRefGroup = EECB1DC6254D26F600B047E2 /* Products */;
			projectDirPath = "";
			projectRoot = "";
			targets = (
				EECB1DC4254D26F600B047E2 /* HealthApp */,
				EECB1DDA254D26F900B047E2 /* HealthAppTests */,
				EECB1DE5254D26F900B047E2 /* HealthAppUITests */,
			);
		};
/* End PBXProject section */

/* Begin PBXResourcesBuildPhase section */
		EECB1DC3254D26F600B047E2 /* Resources */ = {
			isa = PBXResourcesBuildPhase;
			buildActionMask = 2147483647;
			files = (
				EECB1DD5254D26F900B047E2 /* LaunchScreen.storyboard in Resources */,
				EECB1DD2254D26F900B047E2 /* Preview Assets.xcassets in Resources */,
				EECB1DCF254D26F900B047E2 /* Assets.xcassets in Resources */,
			);
			runOnlyForDeploymentPostprocessing = 0;
		};
		EECB1DD9254D26F900B047E2 /* Resources */ = {
			isa = PBXResourcesBuildPhase;
			buildActionMask = 2147483647;
			files = (
			);
			runOnlyForDeploymentPostprocessing = 0;
		};
		EECB1DE4254D26F900B047E2 /* Resources */ = {
			isa = PBXResourcesBuildPhase;
			buildActionMask = 2147483647;
			files = (
			);
			runOnlyForDeploymentPostprocessing = 0;
		};
/* End PBXResourcesBuildPhase section */

/* Begin PBXSourcesBuildPhase section */
		EECB1DC1254D26F600B047E2 /* Sources */ = {
			isa = PBXSourcesBuildPhase;
			buildActionMask = 2147483647;
			files = (
				EE6534CF254E592300F1698A /* CircleArrow.swift in Sources */,
				EECB1DC9254D26F600B047E2 /* AppDelegate.swift in Sources */,
				EECB1DCB254D26F600B047E2 /* SceneDelegate.swift in Sources */,
				EE6534CA254E561E00F1698A /* ColorDefine.swift in Sources */,
				EE6534D4254E5B6D00F1698A /* SyncButton.swift in Sources */,
				EECB1DCD254D26F600B047E2 /* DashboardView.swift in Sources */,
				EE6534BA254DB0F600F1698A /* Triangle.swift in Sources */,
				EE6534C2254E552400F1698A /* HealthCardView.swift in Sources */,
			);
			runOnlyForDeploymentPostprocessing = 0;
		};
		EECB1DD7254D26F900B047E2 /* Sources */ = {
			isa = PBXSourcesBuildPhase;
			buildActionMask = 2147483647;
			files = (
				EECB1DE0254D26F900B047E2 /* HealthAppTests.swift in Sources */,
			);
			runOnlyForDeploymentPostprocessing = 0;
		};
		EECB1DE2254D26F900B047E2 /* Sources */ = {
			isa = PBXSourcesBuildPhase;
			buildActionMask = 2147483647;
			files = (
				EECB1DEB254D26F900B047E2 /* HealthAppUITests.swift in Sources */,
			);
			runOnlyForDeploymentPostprocessing = 0;
		};
/* End PBXSourcesBuildPhase section */

/* Begin PBXTargetDependency section */
		EECB1DDD254D26F900B047E2 /* PBXTargetDependency */ = {
			isa = PBXTargetDependency;
			target = EECB1DC4254D26F600B047E2 /* HealthApp */;
			targetProxy = EECB1DDC254D26F900B047E2 /* PBXContainerItemProxy */;
		};
		EECB1DE8254D26F900B047E2 /* PBXTargetDependency */ = {
			isa = PBXTargetDependency;
			target = EECB1DC4254D26F600B047E2 /* HealthApp */;
			targetProxy = EECB1DE7254D26F900B047E2 /* PBXContainerItemProxy */;
		};
/* End PBXTargetDependency section */

/* Begin PBXVariantGroup section */
		EECB1DD3254D26F900B047E2 /* LaunchScreen.storyboard */ = {
			isa = PBXVariantGroup;
			children = (
				EECB1DD4254D26F900B047E2 /* Base */,
			);
			name = LaunchScreen.storyboard;
			sourceTree = "<group>";
		};
/* End PBXVariantGroup section */

/* Begin XCBuildConfiguration section */
		EECB1DED254D26F900B047E2 /* Debug */ = {
			isa = XCBuildConfiguration;
			buildSettings = {
				ALWAYS_SEARCH_USER_PATHS = NO;
				CLANG_ANALYZER_NONNULL = YES;
				CLANG_ANALYZER_NUMBER_OBJECT_CONVERSION = YES_AGGRESSIVE;
				CLANG_CXX_LANGUAGE_STANDARD = "gnu++14";
				CLANG_CXX_LIBRARY = "libc++";
				CLANG_ENABLE_MODULES = YES;
				CLANG_ENABLE_OBJC_ARC = YES;
				CLANG_ENABLE_OBJC_WEAK = YES;
				CLANG_WARN_BLOCK_CAPTURE_AUTORELEASING = YES;
				CLANG_WARN_BOOL_CONVERSION = YES;
				CLANG_WARN_COMMA = YES;
				CLANG_WARN_CONSTANT_CONVERSION = YES;
				CLANG_WARN_DEPRECATED_OBJC_IMPLEMENTATIONS = YES;
				CLANG_WARN_DIRECT_OBJC_ISA_USAGE = YES_ERROR;
				CLANG_WARN_DOCUMENTATION_COMMENTS = YES;
				CLANG_WARN_EMPTY_BODY = YES;
				CLANG_WARN_ENUM_CONVERSION = YES;
				CLANG_WARN_INFINITE_RECURSION = YES;
				CLANG_WARN_INT_CONVERSION = YES;
				CLANG_WARN_NON_LITERAL_NULL_CONVERSION = YES;
				CLANG_WARN_OBJC_IMPLICIT_RETAIN_SELF = YES;
				CLANG_WARN_OBJC_LITERAL_CONVERSION = YES;
				CLANG_WARN_OBJC_ROOT_CLASS = YES_ERROR;
				CLANG_WARN_QUOTED_INCLUDE_IN_FRAMEWORK_HEADER = YES;
				CLANG_WARN_RANGE_LOOP_ANALYSIS = YES;
				CLANG_WARN_STRICT_PROTOTYPES = YES;
				CLANG_WARN_SUSPICIOUS_MOVE = YES;
				CLANG_WARN_UNGUARDED_AVAILABILITY = YES_AGGRESSIVE;
				CLANG_WARN_UNREACHABLE_CODE = YES;
				CLANG_WARN__DUPLICATE_METHOD_MATCH = YES;
				COPY_PHASE_STRIP = NO;
				DEBUG_INFORMATION_FORMAT = dwarf;
				ENABLE_STRICT_OBJC_MSGSEND = YES;
				ENABLE_TESTABILITY = YES;
				GCC_C_LANGUAGE_STANDARD = gnu11;
				GCC_DYNAMIC_NO_PIC = NO;
				GCC_NO_COMMON_BLOCKS = YES;
				GCC_OPTIMIZATION_LEVEL = 0;
				GCC_PREPROCESSOR_DEFINITIONS = (
					"DEBUG=1",
					"$(inherited)",
				);
				GCC_WARN_64_TO_32_BIT_CONVERSION = YES;
				GCC_WARN_ABOUT_RETURN_TYPE = YES_ERROR;
				GCC_WARN_UNDECLARED_SELECTOR = YES;
				GCC_WARN_UNINITIALIZED_AUTOS = YES_AGGRESSIVE;
				GCC_WARN_UNUSED_FUNCTION = YES;
				GCC_WARN_UNUSED_VARIABLE = YES;
				IPHONEOS_DEPLOYMENT_TARGET = 14.1;
				MTL_ENABLE_DEBUG_INFO = INCLUDE_SOURCE;
				MTL_FAST_MATH = YES;
				ONLY_ACTIVE_ARCH = YES;
				SDKROOT = iphoneos;
				SWIFT_ACTIVE_COMPILATION_CONDITIONS = DEBUG;
				SWIFT_OPTIMIZATION_LEVEL = "-Onone";
			};
			name = Debug;
		};
		EECB1DEE254D26F900B047E2 /* Release */ = {
			isa = XCBuildConfiguration;
			buildSettings = {
				ALWAYS_SEARCH_USER_PATHS = NO;
				CLANG_ANALYZER_NONNULL = YES;
				CLANG_ANALYZER_NUMBER_OBJECT_CONVERSION = YES_AGGRESSIVE;
				CLANG_CXX_LANGUAGE_STANDARD = "gnu++14";
				CLANG_CXX_LIBRARY = "libc++";
				CLANG_ENABLE_MODULES = YES;
				CLANG_ENABLE_OBJC_ARC = YES;
				CLANG_ENABLE_OBJC_WEAK = YES;
				CLANG_WARN_BLOCK_CAPTURE_AUTORELEASING = YES;
				CLANG_WARN_BOOL_CONVERSION = YES;
				CLANG_WARN_COMMA = YES;
				CLANG_WARN_CONSTANT_CONVERSION = YES;
				CLANG_WARN_DEPRECATED_OBJC_IMPLEMENTATIONS = YES;
				CLANG_WARN_DIRECT_OBJC_ISA_USAGE = YES_ERROR;
				CLANG_WARN_DOCUMENTATION_COMMENTS = YES;
				CLANG_WARN_EMPTY_BODY = YES;
				CLANG_WARN_ENUM_CONVERSION = YES;
				CLANG_WARN_INFINITE_RECURSION = YES;
				CLANG_WARN_INT_CONVERSION = YES;
				CLANG_WARN_NON_LITERAL_NULL_CONVERSION = YES;
				CLANG_WARN_OBJC_IMPLICIT_RETAIN_SELF = YES;
				CLANG_WARN_OBJC_LITERAL_CONVERSION = YES;
				CLANG_WARN_OBJC_ROOT_CLASS = YES_ERROR;
				CLANG_WARN_QUOTED_INCLUDE_IN_FRAMEWORK_HEADER = YES;
				CLANG_WARN_RANGE_LOOP_ANALYSIS = YES;
				CLANG_WARN_STRICT_PROTOTYPES = YES;
				CLANG_WARN_SUSPICIOUS_MOVE = YES;
				CLANG_WARN_UNGUARDED_AVAILABILITY = YES_AGGRESSIVE;
				CLANG_WARN_UNREACHABLE_CODE = YES;
				CLANG_WARN__DUPLICATE_METHOD_MATCH = YES;
				COPY_PHASE_STRIP = NO;
				DEBUG_INFORMATION_FORMAT = "dwarf-with-dsym";
				ENABLE_NS_ASSERTIONS = NO;
				ENABLE_STRICT_OBJC_MSGSEND = YES;
				GCC_C_LANGUAGE_STANDARD = gnu11;
				GCC_NO_COMMON_BLOCKS = YES;
				GCC_WARN_64_TO_32_BIT_CONVERSION = YES;
				GCC_WARN_ABOUT_RETURN_TYPE = YES_ERROR;
				GCC_WARN_UNDECLARED_SELECTOR = YES;
				GCC_WARN_UNINITIALIZED_AUTOS = YES_AGGRESSIVE;
				GCC_WARN_UNUSED_FUNCTION = YES;
				GCC_WARN_UNUSED_VARIABLE = YES;
				IPHONEOS_DEPLOYMENT_TARGET = 14.1;
				MTL_ENABLE_DEBUG_INFO = NO;
				MTL_FAST_MATH = YES;
				SDKROOT = iphoneos;
				SWIFT_COMPILATION_MODE = wholemodule;
				SWIFT_OPTIMIZATION_LEVEL = "-O";
				VALIDATE_PRODUCT = YES;
			};
			name = Release;
		};
		EECB1DF0254D26F900B047E2 /* Debug */ = {
			isa = XCBuildConfiguration;
			buildSettings = {
				ASSETCATALOG_COMPILER_APPICON_NAME = AppIcon;
				ASSETCATALOG_COMPILER_GLOBAL_ACCENT_COLOR_NAME = AccentColor;
				CODE_SIGN_STYLE = Automatic;
				DEVELOPMENT_ASSET_PATHS = "\"HealthApp/Preview Content\"";
				DEVELOPMENT_TEAM = T95M5GQCDF;
				ENABLE_PREVIEWS = YES;
				INFOPLIST_FILE = HealthApp/Info.plist;
				LD_RUNPATH_SEARCH_PATHS = (
					"$(inherited)",
					"@executable_path/Frameworks",
				);
				PRODUCT_BUNDLE_IDENTIFIER = maruyama.com.HealthApp;
				PRODUCT_NAME = "$(TARGET_NAME)";
				SWIFT_VERSION = 5.0;
				TARGETED_DEVICE_FAMILY = "1,2";
			};
			name = Debug;
		};
		EECB1DF1254D26F900B047E2 /* Release */ = {
			isa = XCBuildConfiguration;
			buildSettings = {
				ASSETCATALOG_COMPILER_APPICON_NAME = AppIcon;
				ASSETCATALOG_COMPILER_GLOBAL_ACCENT_COLOR_NAME = AccentColor;
				CODE_SIGN_STYLE = Automatic;
				DEVELOPMENT_ASSET_PATHS = "\"HealthApp/Preview Content\"";
				DEVELOPMENT_TEAM = T95M5GQCDF;
				ENABLE_PREVIEWS = YES;
				INFOPLIST_FILE = HealthApp/Info.plist;
				LD_RUNPATH_SEARCH_PATHS = (
					"$(inherited)",
					"@executable_path/Frameworks",
				);
				PRODUCT_BUNDLE_IDENTIFIER = maruyama.com.HealthApp;
				PRODUCT_NAME = "$(TARGET_NAME)";
				SWIFT_VERSION = 5.0;
				TARGETED_DEVICE_FAMILY = "1,2";
			};
			name = Release;
		};
		EECB1DF3254D26F900B047E2 /* Debug */ = {
			isa = XCBuildConfiguration;
			buildSettings = {
				ALWAYS_EMBED_SWIFT_STANDARD_LIBRARIES = YES;
				BUNDLE_LOADER = "$(TEST_HOST)";
				CODE_SIGN_STYLE = Automatic;
				DEVELOPMENT_TEAM = T95M5GQCDF;
				INFOPLIST_FILE = HealthAppTests/Info.plist;
				IPHONEOS_DEPLOYMENT_TARGET = 14.1;
				LD_RUNPATH_SEARCH_PATHS = (
					"$(inherited)",
					"@executable_path/Frameworks",
					"@loader_path/Frameworks",
				);
				PRODUCT_BUNDLE_IDENTIFIER = maruyama.com.HealthAppTests;
				PRODUCT_NAME = "$(TARGET_NAME)";
				SWIFT_VERSION = 5.0;
				TARGETED_DEVICE_FAMILY = "1,2";
				TEST_HOST = "$(BUILT_PRODUCTS_DIR)/HealthApp.app/HealthApp";
			};
			name = Debug;
		};
		EECB1DF4254D26F900B047E2 /* Release */ = {
			isa = XCBuildConfiguration;
			buildSettings = {
				ALWAYS_EMBED_SWIFT_STANDARD_LIBRARIES = YES;
				BUNDLE_LOADER = "$(TEST_HOST)";
				CODE_SIGN_STYLE = Automatic;
				DEVELOPMENT_TEAM = T95M5GQCDF;
				INFOPLIST_FILE = HealthAppTests/Info.plist;
				IPHONEOS_DEPLOYMENT_TARGET = 14.1;
				LD_RUNPATH_SEARCH_PATHS = (
					"$(inherited)",
					"@executable_path/Frameworks",
					"@loader_path/Frameworks",
				);
				PRODUCT_BUNDLE_IDENTIFIER = maruyama.com.HealthAppTests;
				PRODUCT_NAME = "$(TARGET_NAME)";
				SWIFT_VERSION = 5.0;
				TARGETED_DEVICE_FAMILY = "1,2";
				TEST_HOST = "$(BUILT_PRODUCTS_DIR)/HealthApp.app/HealthApp";
			};
			name = Release;
		};
		EECB1DF6254D26F900B047E2 /* Debug */ = {
			isa = XCBuildConfiguration;
			buildSettings = {
				ALWAYS_EMBED_SWIFT_STANDARD_LIBRARIES = YES;
				CODE_SIGN_STYLE = Automatic;
				DEVELOPMENT_TEAM = T95M5GQCDF;
				INFOPLIST_FILE = HealthAppUITests/Info.plist;
				LD_RUNPATH_SEARCH_PATHS = (
					"$(inherited)",
					"@executable_path/Frameworks",
					"@loader_path/Frameworks",
				);
				PRODUCT_BUNDLE_IDENTIFIER = maruyama.com.HealthAppUITests;
				PRODUCT_NAME = "$(TARGET_NAME)";
				SWIFT_VERSION = 5.0;
				TARGETED_DEVICE_FAMILY = "1,2";
				TEST_TARGET_NAME = HealthApp;
			};
			name = Debug;
		};
		EECB1DF7254D26F900B047E2 /* Release */ = {
			isa = XCBuildConfiguration;
			buildSettings = {
				ALWAYS_EMBED_SWIFT_STANDARD_LIBRARIES = YES;
				CODE_SIGN_STYLE = Automatic;
				DEVELOPMENT_TEAM = T95M5GQCDF;
				INFOPLIST_FILE = HealthAppUITests/Info.plist;
				LD_RUNPATH_SEARCH_PATHS = (
					"$(inherited)",
					"@executable_path/Frameworks",
					"@loader_path/Frameworks",
				);
				PRODUCT_BUNDLE_IDENTIFIER = maruyama.com.HealthAppUITests;
				PRODUCT_NAME = "$(TARGET_NAME)";
				SWIFT_VERSION = 5.0;
				TARGETED_DEVICE_FAMILY = "1,2";
				TEST_TARGET_NAME = HealthApp;
			};
			name = Release;
		};
/* End XCBuildConfiguration section */

/* Begin XCConfigurationList section */
		EECB1DC0254D26F600B047E2 /* Build configuration list for PBXProject "HealthApp" */ = {
			isa = XCConfigurationList;
			buildConfigurations = (
				EECB1DED254D26F900B047E2 /* Debug */,
				EECB1DEE254D26F900B047E2 /* Release */,
			);
			defaultConfigurationIsVisible = 0;
			defaultConfigurationName = Release;
		};
		EECB1DEF254D26F900B047E2 /* Build configuration list for PBXNativeTarget "HealthApp" */ = {
			isa = XCConfigurationList;
			buildConfigurations = (
				EECB1DF0254D26F900B047E2 /* Debug */,
				EECB1DF1254D26F900B047E2 /* Release */,
			);
			defaultConfigurationIsVisible = 0;
			defaultConfigurationName = Release;
		};
		EECB1DF2254D26F900B047E2 /* Build configuration list for PBXNativeTarget "HealthAppTests" */ = {
			isa = XCConfigurationList;
			buildConfigurations = (
				EECB1DF3254D26F900B047E2 /* Debug */,
				EECB1DF4254D26F900B047E2 /* Release */,
			);
			defaultConfigurationIsVisible = 0;
			defaultConfigurationName = Release;
		};
		EECB1DF5254D26F900B047E2 /* Build configuration list for PBXNativeTarget "HealthAppUITests" */ = {
			isa = XCConfigurationList;
			buildConfigurations = (
				EECB1DF6254D26F900B047E2 /* Debug */,
				EECB1DF7254D26F900B047E2 /* Release */,
			);
			defaultConfigurationIsVisible = 0;
			defaultConfigurationName = Release;
		};
/* End XCConfigurationList section */
	};
	rootObject = EECB1DBD254D26F600B047E2 /* Project object */;
}
